
Microsoft Visual Studio Solution File, Format Version 12.00
# Visual Studio 15
VisualStudioVersion = 15.0.27130.2027
MinimumVisualStudioVersion = 10.0.40219.1
Project("{FAE04EC0-301F-11D3-BF4B-00C04F79EFBC}") = "HowLong", "HowLong\HowLong.csproj", "{9091DACF-DA64-4250-8E7F-EBD00E3A375F}"
EndProject
Project("{FAE04EC0-301F-11D3-BF4B-00C04F79EFBC}") = "HowLong.Tests", "HowLong.Tests\HowLong.Tests.csproj", "{13D3E902-0D99-4AC8-810A-757A6412FAA3}"
EndProject
Global
	GlobalSection(SolutionConfigurationPlatforms) = preSolution
		Debug|Any CPU = Debug|Any CPU
		Release|Any CPU = Release|Any CPU
	EndGlobalSection
	GlobalSection(ProjectConfigurationPlatforms) = postSolution
		{9091DACF-DA64-4250-8E7F-EBD00E3A375F}.Debug|Any CPU.ActiveCfg = Debug|Any CPU
		{9091DACF-DA64-4250-8E7F-EBD00E3A375F}.Debug|Any CPU.Build.0 = Debug|Any CPU
		{9091DACF-DA64-4250-8E7F-EBD00E3A375F}.Release|Any CPU.ActiveCfg = Release|Any CPU
		{9091DACF-DA64-4250-8E7F-EBD00E3A375F}.Release|Any CPU.Build.0 = Release|Any CPU
		{13D3E902-0D99-4AC8-810A-757A6412FAA3}.Debug|Any CPU.ActiveCfg = Debug|Any CPU
		{13D3E902-0D99-4AC8-810A-757A6412FAA3}.Debug|Any CPU.Build.0 = Debug|Any CPU
		{13D3E902-0D99-4AC8-810A-757A6412FAA3}.Release|Any CPU.ActiveCfg = Release|Any CPU
		{13D3E902-0D99-4AC8-810A-757A6412FAA3}.Release|Any CPU.Build.0 = Release|Any CPU
	EndGlobalSection
	GlobalSection(SolutionProperties) = preSolution
		HideSolutionNode = FALSE
	EndGlobalSection
	GlobalSection(ExtensibilityGlobals) = postSolution
		SolutionGuid = {D33A02EF-5FF5-47F2-837B-A12101C671AD}
	EndGlobalSection
EndGlobal
